{
  "nodes": {
    "nixpkgs": {
      "locked": {
        "lastModified": 1780243769,
        "narHash": "sha256-x5UQuRsH3MqI0U9afaXSNqzTPSeZlRLvFAav2Ux1pNw=",
        "owner": "NixOS",
        "repo": "nixpkgs",
        "rev": "331800de5053fcebacf6813adb5db9c9dca22a0c",
        "type": "github"
      },
      "original": {
        "owner": "NixOS",
        "ref": "nixos-unstable",
        "repo": "nixpkgs",
        "type": "github"
      }
    },
    "root": {
      "inputs": {
        "nixpkgs": "nixpkgs",
        "transcribe-cpp": "transcribe-cpp"
      }
    },
    "transcribe-cpp": {
      "inputs": {
        "nixpkgs": [
          "nixpkgs"
        ]
      },
      "locked": {
        "lastModified": 1791394862,
        "narHash": "sha256-BJADO4oXUmqtRtiF1G+2n+LMehuhLauGd2GXfeXP7+s=",
        "owner": "christian-oudard",
        "repo": "transcribe.cpp",
        "rev": "df604a2ccaf4fbb7616f929c2e03b40fdf93d17c",
        "type": "github"
      },
      "original": {
        "owner": "christian-oudard",
        "repo": "transcribe.cpp",
        "type": "github"
      }
    }
  },
  "root": "root",
  "version": 7
}
