{
  "nodes": {
    "nixpkgs": {
      "locked": {
        "lastModified": 1780243769,
        "narHash": "sha256-x5UQuRsH3MqI0U9afaXSNqzTPSeZlRLvFAav2Ux1pNw=",
        "owner": "NixOS",
        "repo": "nixpkgs",
        "rev": "331800de5053fcebacf6813adb5db9c9dca22a0c",
        "type": "github"
      },
      "original": {
        "owner": "NixOS",
        "ref": "nixos-unstable",
        "repo": "nixpkgs",
        "type": "github"
      }
    },
    "root": {
      "inputs": {
        "nixpkgs": "nixpkgs",
        "transcribe-cpp": "transcribe-cpp"
      }
    },
    "transcribe-cpp": {
      "inputs": {
        "nixpkgs": [
          "nixpkgs"
        ]
      },
      "locked": {
        "lastModified": 1786639610,
        "narHash": "sha256-YoL4Bd2j2/9QE5eDDjVN/PCHmYD5SWBLuNwJZsSmU5I=",
        "owner": "christian-oudard",
        "repo": "transcribe.cpp",
        "rev": "5abb40caa0db05a0583804a0e0ed1e3d0a2eea7a",
        "type": "github"
      },
      "original": {
        "owner": "christian-oudard",
        "repo": "transcribe.cpp",
        "type": "github"
      }
    }
  },
  "root": "root",
  "version": 7
}
