github.com/BurntSushi/toml v1.6.0 h1:dRaEfpa2VI55EwlIW72hMRHdWouJeRF7TPYhI+AUQjk=
github.com/BurntSushi/toml v1.6.0/go.mod h1:ukJfTF/6rtPPRCnwkur4qwRxa8vTRFBF0uk2lLoLwho=
github.com/gen2brain/malgo v0.11.25 h1:g0eMVeZIBvMRBbkVSR8p7ZafGFbxBcQERPa1GKHkg34=
github.com/gen2brain/malgo v0.11.25/go.mod h1:xLVG3ROA33Bzol1quF3e4ehqcFuqh8QK4B8T6LQUs/M=
